// !$*UTF8*$!
{
	archiveVersion = 1;
	classes = {
	};
	objectVersion = 46;
	objects = {

/* Begin PBXBuildFile section */
		14AA475D155B665A009324FD /* UIKit.framework in Frameworks */ = {isa = PBXBuildFile; fileRef = 14AA475C155B665A009324FD /* UIKit.framework */; };
		14AA475F155B665A009324FD /* Foundation.framework in Frameworks */ = {isa = PBXBuildFile; fileRef = 14AA475E155B665A009324FD /* Foundation.framework */; };
		14AA4761155B665A009324FD /* CoreGraphics.framework in Frameworks */ = {isa = PBXBuildFile; fileRef = 14AA4760155B665A009324FD /* CoreGraphics.framework */; };
		14AA4767155B665A009324FD /* InfoPlist.strings in Resources */ = {isa = PBXBuildFile; fileRef = 14AA4765155B665A009324FD /* InfoPlist.strings */; };
		14AA4769155B665A009324FD /* main.m in Sources */ = {isa = PBXBuildFile; fileRef = 14AA4768155B665A009324FD /* main.m */; };
		14AA476D155B665A009324FD /* DidaAppDelegate.m in Sources */ = {isa = PBXBuildFile; fileRef = 14AA476C155B665A009324FD /* DidaAppDelegate.m */; };
		14AA4770155B665A009324FD /* MainStoryboard.storyboard in Resources */ = {isa = PBXBuildFile; fileRef = 14AA476E155B665A009324FD /* MainStoryboard.storyboard */; };
		14AA4773155B665A009324FD /* DidaViewController.m in Sources */ = {isa = PBXBuildFile; fileRef = 14AA4772155B665A009324FD /* DidaViewController.m */; };
		14AA47A4155B6A9D009324FD /* JSONKit.m in Sources */ = {isa = PBXBuildFile; fileRef = 14AA47A3155B6A9D009324FD /* JSONKit.m */; };
/* End PBXBuildFile section */

/* Begin PBXFileReference section */
		14AA4758155B665A009324FD /* cmoon.app */ = {isa = PBXFileReference; explicitFileType = wrapper.application; includeInIndex = 0; path = cmoon.app; sourceTree = BUILT_PRODUCTS_DIR; };
		14AA475C155B665A009324FD /* UIKit.framework */ = {isa = PBXFileReference; lastKnownFileType = wrapper.framework; name = UIKit.framework; path = System/Library/Frameworks/UIKit.framework; sourceTree = SDKROOT; };
		14AA475E155B665A009324FD /* Foundation.framework */ = {isa = PBXFileReference; lastKnownFileType = wrapper.framework; name = Foundation.framework; path = System/Library/Frameworks/Foundation.framework; sourceTree = SDKROOT; };
		14AA4760155B665A009324FD /* CoreGraphics.framework */ = {isa = PBXFileReference; lastKnownFileType = wrapper.framework; name = CoreGraphics.framework; path = System/Library/Frameworks/CoreGraphics.framework; sourceTree = SDKROOT; };
		14AA4764155B665A009324FD /* cmoon-Info.plist */ = {isa = PBXFileReference; lastKnownFileType = text.plist.xml; path = "cmoon-Info.plist"; sourceTree = "<group>"; };
		14AA4766155B665A009324FD /* en */ = {isa = PBXFileReference; lastKnownFileType = text.plist.strings; name = en; path = en.lproj/InfoPlist.strings; sourceTree = "<group>"; };
		14AA4768155B665A009324FD /* main.m */ = {isa = PBXFileReference; lastKnownFileType = sourcecode.c.objc; path = main.m; sourceTree = "<group>"; };
		14AA476A155B665A009324FD /* cmoon-Prefix.pch */ = {isa = PBXFileReference; lastKnownFileType = sourcecode.c.h; path = "cmoon-Prefix.pch"; sourceTree = "<group>"; };
		14AA476B155B665A009324FD /* DidaAppDelegate.h */ = {isa = PBXFileReference; lastKnownFileType = sourcecode.c.h; path = DidaAppDelegate.h; sourceTree = "<group>"; };
		14AA476C155B665A009324FD /* DidaAppDelegate.m */ = {isa = PBXFileReference; lastKnownFileType = sourcecode.c.objc; path = DidaAppDelegate.m; sourceTree = "<group>"; };
		14AA476F155B665A009324FD /* en */ = {isa = PBXFileReference; lastKnownFileType = file.storyboard; name = en; path = en.lproj/MainStoryboard.storyboard; sourceTree = "<group>"; };
		14AA4771155B665A009324FD /* DidaViewController.h */ = {isa = PBXFileReference; lastKnownFileType = sourcecode.c.h; path = DidaViewController.h; sourceTree = "<group>"; };
		14AA4772155B665A009324FD /* DidaViewController.m */ = {isa = PBXFileReference; lastKnownFileType = sourcecode.c.objc; path = DidaViewController.m; sourceTree = "<group>"; };
		14AA47A2155B6A9D009324FD /* JSONKit.h */ = {isa = PBXFileReference; fileEncoding = 4; lastKnownFileType = sourcecode.c.h; path = JSONKit.h; sourceTree = "<group>"; };
		14AA47A3155B6A9D009324FD /* JSONKit.m */ = {isa = PBXFileReference; fileEncoding = 4; lastKnownFileType = sourcecode.c.objc; path = JSONKit.m; sourceTree = "<group>"; };
/* End PBXFileReference section */

/* Begin PBXFrameworksBuildPhase section */
		14AA4755155B665A009324FD /* Frameworks */ = {
			isa = PBXFrameworksBuildPhase;
			buildActionMask = 2147483647;
			files = (
				14AA475D155B665A009324FD /* UIKit.framework in Frameworks */,
				14AA475F155B665A009324FD /* Foundation.framework in Frameworks */,
				14AA4761155B665A009324FD /* CoreGraphics.framework in Frameworks */,
			);
			runOnlyForDeploymentPostprocessing = 0;
		};
/* End PBXFrameworksBuildPhase section */

/* Begin PBXGroup section */
		14AA474D155B665A009324FD = {
			isa = PBXGroup;
			children = (
				14AA47A1155B6A81009324FD /* thirdpart */,
				14AA477F155B67D3009324FD /* core */,
				14AA477A155B6750009324FD /* ui */,
				14AA4779155B673D009324FD /* resources */,
				14AA4762155B665A009324FD /* cmoon */,
				14AA475B155B665A009324FD /* Frameworks */,
				14AA4759155B665A009324FD /* Products */,
			);
			sourceTree = "<group>";
		};
		14AA4759155B665A009324FD /* Products */ = {
			isa = PBXGroup;
			children = (
				14AA4758155B665A009324FD /* cmoon.app */,
			);
			name = Products;
			sourceTree = "<group>";
		};
		14AA475B155B665A009324FD /* Frameworks */ = {
			isa = PBXGroup;
			children = (
				14AA475C155B665A009324FD /* UIKit.framework */,
				14AA475E155B665A009324FD /* Foundation.framework */,
				14AA4760155B665A009324FD /* CoreGraphics.framework */,
			);
			name = Frameworks;
			sourceTree = "<group>";
		};
		14AA4762155B665A009324FD /* cmoon */ = {
			isa = PBXGroup;
			children = (
				14AA476B155B665A009324FD /* DidaAppDelegate.h */,
				14AA476C155B665A009324FD /* DidaAppDelegate.m */,
				14AA476E155B665A009324FD /* MainStoryboard.storyboard */,
				14AA4771155B665A009324FD /* DidaViewController.h */,
				14AA4772155B665A009324FD /* DidaViewController.m */,
				14AA4763155B665A009324FD /* Supporting Files */,
			);
			path = cmoon;
			sourceTree = "<group>";
		};
		14AA4763155B665A009324FD /* Supporting Files */ = {
			isa = PBXGroup;
			children = (
				14AA4764155B665A009324FD /* cmoon-Info.plist */,
				14AA4765155B665A009324FD /* InfoPlist.strings */,
				14AA4768155B665A009324FD /* main.m */,
				14AA476A155B665A009324FD /* cmoon-Prefix.pch */,
			);
			name = "Supporting Files";
			sourceTree = "<group>";
		};
		14AA4779155B673D009324FD /* resources */ = {
			isa = PBXGroup;
			children = (
			);
			name = resources;
			sourceTree = "<group>";
		};
		14AA477A155B6750009324FD /* ui */ = {
			isa = PBXGroup;
			children = (
			);
			name = ui;
			sourceTree = "<group>";
		};
		14AA477F155B67D3009324FD /* core */ = {
			isa = PBXGroup;
			children = (
			);
			name = core;
			sourceTree = "<group>";
		};
		14AA47A1155B6A81009324FD /* thirdpart */ = {
			isa = PBXGroup;
			children = (
				14AA47A2155B6A9D009324FD /* JSONKit.h */,
				14AA47A3155B6A9D009324FD /* JSONKit.m */,
			);
			name = thirdpart;
			sourceTree = "<group>";
		};
/* End PBXGroup section */

/* Begin PBXNativeTarget section */
		14AA4757155B665A009324FD /* cmoon */ = {
			isa = PBXNativeTarget;
			buildConfigurationList = 14AA4776155B665A009324FD /* Build configuration list for PBXNativeTarget "cmoon" */;
			buildPhases = (
				14AA4754155B665A009324FD /* Sources */,
				14AA4755155B665A009324FD /* Frameworks */,
				14AA4756155B665A009324FD /* Resources */,
			);
			buildRules = (
			);
			dependencies = (
			);
			name = cmoon;
			productName = cmoon;
			productReference = 14AA4758155B665A009324FD /* cmoon.app */;
			productType = "com.apple.product-type.application";
		};
/* End PBXNativeTarget section */

/* Begin PBXProject section */
		14AA474F155B665A009324FD /* Project object */ = {
			isa = PBXProject;
			attributes = {
				CLASSPREFIX = Dida;
				LastUpgradeCheck = 0430;
			};
			buildConfigurationList = 14AA4752155B665A009324FD /* Build configuration list for PBXProject "cmoon" */;
			compatibilityVersion = "Xcode 3.2";
			developmentRegion = English;
			hasScannedForEncodings = 0;
			knownRegions = (
				en,
			);
			mainGroup = 14AA474D155B665A009324FD;
			productRefGroup = 14AA4759155B665A009324FD /* Products */;
			projectDirPath = "";
			projectRoot = "";
			targets = (
				14AA4757155B665A009324FD /* cmoon */,
			);
		};
/* End PBXProject section */

/* Begin PBXResourcesBuildPhase section */
		14AA4756155B665A009324FD /* Resources */ = {
			isa = PBXResourcesBuildPhase;
			buildActionMask = 2147483647;
			files = (
				14AA4767155B665A009324FD /* InfoPlist.strings in Resources */,
				14AA4770155B665A009324FD /* MainStoryboard.storyboard in Resources */,
			);
			runOnlyForDeploymentPostprocessing = 0;
		};
/* End PBXResourcesBuildPhase section */

/* Begin PBXSourcesBuildPhase section */
		14AA4754155B665A009324FD /* Sources */ = {
			isa = PBXSourcesBuildPhase;
			buildActionMask = 2147483647;
			files = (
				14AA4769155B665A009324FD /* main.m in Sources */,
				14AA476D155B665A009324FD /* DidaAppDelegate.m in Sources */,
				14AA4773155B665A009324FD /* DidaViewController.m in Sources */,
				14AA47A4155B6A9D009324FD /* JSONKit.m in Sources */,
			);
			runOnlyForDeploymentPostprocessing = 0;
		};
/* End PBXSourcesBuildPhase section */

/* Begin PBXVariantGroup section */
		14AA4765155B665A009324FD /* InfoPlist.strings */ = {
			isa = PBXVariantGroup;
			children = (
				14AA4766155B665A009324FD /* en */,
			);
			name = InfoPlist.strings;
			sourceTree = "<group>";
		};
		14AA476E155B665A009324FD /* MainStoryboard.storyboard */ = {
			isa = PBXVariantGroup;
			children = (
				14AA476F155B665A009324FD /* en */,
			);
			name = MainStoryboard.storyboard;
			sourceTree = "<group>";
		};
/* End PBXVariantGroup section */

/* Begin XCBuildConfiguration section */
		14AA4774155B665A009324FD /* Debug */ = {
			isa = XCBuildConfiguration;
			buildSettings = {
				ALWAYS_SEARCH_USER_PATHS = NO;
				ARCHS = "$(ARCHS_STANDARD_32_BIT)";
				CLANG_ENABLE_OBJC_ARC = NO;
				"CODE_SIGN_IDENTITY[sdk=iphoneos*]" = "iPhone Developer";
				COPY_PHASE_STRIP = NO;
				GCC_C_LANGUAGE_STANDARD = gnu99;
				GCC_DYNAMIC_NO_PIC = NO;
				GCC_OPTIMIZATION_LEVEL = 0;
				GCC_PREPROCESSOR_DEFINITIONS = (
					"DEBUG=1",
					"$(inherited)",
				);
				GCC_SYMBOLS_PRIVATE_EXTERN = NO;
				GCC_VERSION = com.apple.compilers.llvm.clang.1_0;
				GCC_WARN_ABOUT_RETURN_TYPE = YES;
				GCC_WARN_UNINITIALIZED_AUTOS = YES;
				GCC_WARN_UNUSED_VARIABLE = YES;
				IPHONEOS_DEPLOYMENT_TARGET = 5.1;
				SDKROOT = iphoneos;
			};
			name = Debug;
		};
		14AA4775155B665A009324FD /* Release */ = {
			isa = XCBuildConfiguration;
			buildSettings = {
				ALWAYS_SEARCH_USER_PATHS = NO;
				ARCHS = "$(ARCHS_STANDARD_32_BIT)";
				CLANG_ENABLE_OBJC_ARC = NO;
				"CODE_SIGN_IDENTITY[sdk=iphoneos*]" = "iPhone Developer";
				COPY_PHASE_STRIP = YES;
				GCC_C_LANGUAGE_STANDARD = gnu99;
				GCC_VERSION = com.apple.compilers.llvm.clang.1_0;
				GCC_WARN_ABOUT_RETURN_TYPE = YES;
				GCC_WARN_UNINITIALIZED_AUTOS = YES;
				GCC_WARN_UNUSED_VARIABLE = YES;
				IPHONEOS_DEPLOYMENT_TARGET = 5.1;
				OTHER_CFLAGS = "-DNS_BLOCK_ASSERTIONS=1";
				SDKROOT = iphoneos;
				VALIDATE_PRODUCT = YES;
			};
			name = Release;
		};
		14AA4777155B665A009324FD /* Debug */ = {
			isa = XCBuildConfiguration;
			buildSettings = {
				CLANG_ENABLE_OBJC_ARC = NO;
				GCC_PRECOMPILE_PREFIX_HEADER = YES;
				GCC_PREFIX_HEADER = "cmoon/cmoon-Prefix.pch";
				INFOPLIST_FILE = "cmoon/cmoon-Info.plist";
				IPHONEOS_DEPLOYMENT_TARGET = 5.0;
				PRODUCT_NAME = "$(TARGET_NAME)";
				WRAPPER_EXTENSION = app;
			};
			name = Debug;
		};
		14AA4778155B665A009324FD /* Release */ = {
			isa = XCBuildConfiguration;
			buildSettings = {
				CLANG_ENABLE_OBJC_ARC = NO;
				GCC_PRECOMPILE_PREFIX_HEADER = YES;
				GCC_PREFIX_HEADER = "cmoon/cmoon-Prefix.pch";
				INFOPLIST_FILE = "cmoon/cmoon-Info.plist";
				IPHONEOS_DEPLOYMENT_TARGET = 5.0;
				PRODUCT_NAME = "$(TARGET_NAME)";
				WRAPPER_EXTENSION = app;
			};
			name = Release;
		};
/* End XCBuildConfiguration section */

/* Begin XCConfigurationList section */
		14AA4752155B665A009324FD /* Build configuration list for PBXProject "cmoon" */ = {
			isa = XCConfigurationList;
			buildConfigurations = (
				14AA4774155B665A009324FD /* Debug */,
				14AA4775155B665A009324FD /* Release */,
			);
			defaultConfigurationIsVisible = 0;
			defaultConfigurationName = Release;
		};
		14AA4776155B665A009324FD /* Build configuration list for PBXNativeTarget "cmoon" */ = {
			isa = XCConfigurationList;
			buildConfigurations = (
				14AA4777155B665A009324FD /* Debug */,
				14AA4778155B665A009324FD /* Release */,
			);
			defaultConfigurationIsVisible = 0;
			defaultConfigurationName = Release;
		};
/* End XCConfigurationList section */
	};
	rootObject = 14AA474F155B665A009324FD /* Project object */;
}
